
Microsoft Visual Studio Solution File, Format Version 12.00
# Visual Studio Version 17
VisualStudioVersion = 17.4.33213.308
MinimumVisualStudioVersion = 10.0.40219.1
Project("{FAE04EC0-301F-11D3-BF4B-00C04F79EFBC}") = "DatabaseConsole", "DatabaseConsole\DatabaseConsole.csproj", "{E562D8CE-FD18-46F8-9185-A30C10643D2C}"
EndProject
Global
	GlobalSection(SolutionConfigurationPlatforms) = preSolution
		Debug|Any CPU = Debug|Any CPU
		Release|Any CPU = Release|Any CPU
	EndGlobalSection
	GlobalSection(ProjectConfigurationPlatforms) = postSolution
		{E562D8CE-FD18-46F8-9185-A30C10643D2C}.Debug|Any CPU.ActiveCfg = Debug|Any CPU
		{E562D8CE-FD18-46F8-9185-A30C10643D2C}.Debug|Any CPU.Build.0 = Debug|Any CPU
		{E562D8CE-FD18-46F8-9185-A30C10643D2C}.Release|Any CPU.ActiveCfg = Release|Any CPU
		{E562D8CE-FD18-46F8-9185-A30C10643D2C}.Release|Any CPU.Build.0 = Release|Any CPU
	EndGlobalSection
	GlobalSection(SolutionProperties) = preSolution
		HideSolutionNode = FALSE
	EndGlobalSection
	GlobalSection(ExtensibilityGlobals) = postSolution
		SolutionGuid = {A1307A97-7070-4A6B-B15C-1BBD0BAC28FF}
	EndGlobalSection
EndGlobal
